
Microsoft Visual Studio Solution File, Format Version 10.00
# Visual C# Express 2008
Project("{FAE04EC0-301F-11D3-BF4B-00C04F79EFBC}") = "CreateZ80Font", "CreateZ80Font.csproj", "{614DD418-3790-4D38-A2E7-2D93A0B9C3E5}"
EndProject
Global
	GlobalSection(SolutionConfigurationPlatforms) = preSolution
		Debug|Any CPU = Debug|Any CPU
		Release|Any CPU = Release|Any CPU
	EndGlobalSection
	GlobalSection(ProjectConfigurationPlatforms) = postSolution
		{614DD418-3790-4D38-A2E7-2D93A0B9C3E5}.Debug|Any CPU.ActiveCfg = Debug|Any CPU
		{614DD418-3790-4D38-A2E7-2D93A0B9C3E5}.Debug|Any CPU.Build.0 = Debug|Any CPU
		{614DD418-3790-4D38-A2E7-2D93A0B9C3E5}.Release|Any CPU.ActiveCfg = Release|Any CPU
		{614DD418-3790-4D38-A2E7-2D93A0B9C3E5}.Release|Any CPU.Build.0 = Release|Any CPU
	EndGlobalSection
	GlobalSection(SolutionProperties) = preSolution
		HideSolutionNode = FALSE
	EndGlobalSection
EndGlobal
